{
  "name": "@wisdomgarden/cordova-plugin-filepath",
  "version": "1.6.0-8",
  "lockfileVersion": 3,
  "requires": true,
  "packages": {
    "": {
      "name": "@wisdomgarden/cordova-plugin-filepath",
      "version": "1.6.0-7",
      "license": "Apache 2.0",
      "devDependencies": {
        "sync-cordova-xml": "^0.4.0"
      }
    },
    "node_modules/author-regex": {
      "version": "1.0.0",
      "resolved": "https://registry.npmmirror.com/author-regex/-/author-regex-1.0.0.tgz",
      "integrity": "sha512-KbWgR8wOYRAPekEmMXrYYdc7BRyhn2Ftk7KWfMUnQ43hFdojWEFRxhhRUm3/OFEdPa1r0KAvTTg9YQK57xTe0g==",
      "dev": true,
      "license": "MIT",
      "engines": {
        "node": ">=0.8"
      }
    },
    "node_modules/minimist": {
      "version": "1.2.8",
      "resolved": "https://registry.npmmirror.com/minimist/-/minimist-1.2.8.tgz",
      "integrity": "sha512-2yyAR8qBkN3YuheJanUpWC5U3bb5osDywNB8RzDVlDwDHbocAJveqqj1u8+SVD7jkWT4yvsHCpWqqWqAxb0zCA==",
      "dev": true,
      "license": "MIT",
      "funding": {
        "url": "https://github.com/sponsors/ljharb"
      }
    },
    "node_modules/nanoassert": {
      "version": "1.1.0",
      "resolved": "https://registry.npmmirror.com/nanoassert/-/nanoassert-1.1.0.tgz",
      "integrity": "sha512-C40jQ3NzfkP53NsO8kEOFd79p4b9kDXQMwgiY1z8ZwrDZgUyom0AHwGegF4Dm99L+YoYhuaB0ceerUcXmqr1rQ==",
      "dev": true,
      "license": "ISC"
    },
    "node_modules/parse-author": {
      "version": "2.0.0",
      "resolved": "https://registry.npmmirror.com/parse-author/-/parse-author-2.0.0.tgz",
      "integrity": "sha512-yx5DfvkN8JsHL2xk2Os9oTia467qnvRgey4ahSm2X8epehBLx/gWLcy5KI+Y36ful5DzGbCS6RazqZGgy1gHNw==",
      "dev": true,
      "license": "MIT",
      "dependencies": {
        "author-regex": "^1.0.0"
      },
      "engines": {
        "node": ">=0.10.0"
      }
    },
    "node_modules/sync-cordova-xml": {
      "version": "0.4.0",
      "resolved": "https://registry.npmmirror.com/sync-cordova-xml/-/sync-cordova-xml-0.4.0.tgz",
      "integrity": "sha512-YOL3FZIeIwhKzn+JzRgghP/tXvnxfqTXT1nKkwa5jiwuMr4K4KQYB42ozNi7VI8FyvsMRLaPpLps4e3lMNGHPw==",
      "dev": true,
      "license": "ISC",
      "dependencies": {
        "minimist": "^1.2.0",
        "nanoassert": "^1.1.0",
        "parse-author": "^2.0.0",
        "xmldom": "^0.1.27"
      },
      "bin": {
        "sync-cordova-xml": "bin/sync.js"
      }
    },
    "node_modules/xmldom": {
      "version": "0.1.31",
      "resolved": "https://registry.npmmirror.com/xmldom/-/xmldom-0.1.31.tgz",
      "integrity": "sha512-yS2uJflVQs6n+CyjHoaBmVSqIDevTAWrzMmjG1Gc7h1qQ7uVozNhEPJAwZXWyGQ/Gafo3fCwrcaokezLPupVyQ==",
      "deprecated": "Deprecated due to CVE-2021-21366 resolved in 0.5.0",
      "dev": true,
      "license": "(LGPL-2.0 or MIT)",
      "engines": {
        "node": ">=0.1"
      }
    }
  }
}
